
Microsoft Visual Studio Solution File, Format Version 12.00
# Visual Studio Version 16
VisualStudioVersion = 16.0.31321.278
MinimumVisualStudioVersion = 10.0.40219.1
Project("{FAE04EC0-301F-11D3-BF4B-00C04F79EFBC}") = "WebAPI", "WebAPI.csproj", "{A0CD38A1-ADC6-4E53-88BE-962E71FEBEBA}"
EndProject
Global
	GlobalSection(SolutionConfigurationPlatforms) = preSolution
		Debug|Any CPU = Debug|Any CPU
		Release|Any CPU = Release|Any CPU
	EndGlobalSection
	GlobalSection(ProjectConfigurationPlatforms) = postSolution
		{A0CD38A1-ADC6-4E53-88BE-962E71FEBEBA}.Debug|Any CPU.ActiveCfg = Debug|Any CPU
		{A0CD38A1-ADC6-4E53-88BE-962E71FEBEBA}.Debug|Any CPU.Build.0 = Debug|Any CPU
		{A0CD38A1-ADC6-4E53-88BE-962E71FEBEBA}.Release|Any CPU.ActiveCfg = Release|Any CPU
		{A0CD38A1-ADC6-4E53-88BE-962E71FEBEBA}.Release|Any CPU.Build.0 = Release|Any CPU
	EndGlobalSection
	GlobalSection(SolutionProperties) = preSolution
		HideSolutionNode = FALSE
	EndGlobalSection
	GlobalSection(ExtensibilityGlobals) = postSolution
		SolutionGuid = {87382835-2513-42F8-AA4D-7DA8DB2C303B}
	EndGlobalSection
EndGlobal
